Microsoft Visual Studio Solution File, Format Version 10.00
# Visual Studio 2008
Project("{8BC9CEB8-8B4A-11D0-8D11-00A0C91BC942}") = "iilink", "iilink.vcproj", "{586FC7F0-8AF1-4A21-A1D8-687D2FBE68C5}"
EndProject
Global
	GlobalSection(SolutionConfigurationPlatforms) = preSolution
		DBCS Debug|Win32 = DBCS Debug|Win32
		DBCS Release|Win32 = DBCS Release|Win32
		Debug|Win32 = Debug|Win32
		Debug64|Win32 = Debug64|Win32
		DebugAMD64|Win32 = DebugAMD64|Win32
		DebugIA64|Win32 = DebugIA64|Win32
		Release|Win32 = Release|Win32
		Release64|Win32 = Release64|Win32
		ReleaseAMD64|Win32 = ReleaseAMD64|Win32
		ReleaseIA64|Win32 = ReleaseIA64|Win32
	EndGlobalSection
	GlobalSection(ProjectConfigurationPlatforms) = postSolution
		{586FC7F0-8AF1-4A21-A1D8-687D2FBE68C5}.DBCS Debug|Win32.ActiveCfg = DBCS Debug|Win32
		{586FC7F0-8AF1-4A21-A1D8-687D2FBE68C5}.DBCS Debug|Win32.Build.0 = DBCS Debug|Win32
		{586FC7F0-8AF1-4A21-A1D8-687D2FBE68C5}.DBCS Release|Win32.ActiveCfg = DBCS Release|Win32
		{586FC7F0-8AF1-4A21-A1D8-687D2FBE68C5}.DBCS Release|Win32.Build.0 = DBCS Release|Win32
		{586FC7F0-8AF1-4A21-A1D8-687D2FBE68C5}.Debug|Win32.ActiveCfg = Debug|Win32
		{586FC7F0-8AF1-4A21-A1D8-687D2FBE68C5}.Debug|Win32.Build.0 = Debug|Win32
		{586FC7F0-8AF1-4A21-A1D8-687D2FBE68C5}.Debug64|Win32.ActiveCfg = Debug64|Win32
		{586FC7F0-8AF1-4A21-A1D8-687D2FBE68C5}.Debug64|Win32.Build.0 = Debug64|Win32
		{586FC7F0-8AF1-4A21-A1D8-687D2FBE68C5}.DebugAMD64|Win32.ActiveCfg = DebugAMD64|x64
		{586FC7F0-8AF1-4A21-A1D8-687D2FBE68C5}.DebugAMD64|Win32.Build.0 = DebugAMD64|x64
		{586FC7F0-8AF1-4A21-A1D8-687D2FBE68C5}.DebugIA64|Win32.ActiveCfg = DebugIA64|Win32
		{586FC7F0-8AF1-4A21-A1D8-687D2FBE68C5}.DebugIA64|Win32.Build.0 = DebugIA64|Win32
		{586FC7F0-8AF1-4A21-A1D8-687D2FBE68C5}.Release|Win32.ActiveCfg = Release|Win32
		{586FC7F0-8AF1-4A21-A1D8-687D2FBE68C5}.Release|Win32.Build.0 = Release|Win32
		{586FC7F0-8AF1-4A21-A1D8-687D2FBE68C5}.Release64|Win32.ActiveCfg = Release64|Win32
		{586FC7F0-8AF1-4A21-A1D8-687D2FBE68C5}.Release64|Win32.Build.0 = Release64|Win32
		{586FC7F0-8AF1-4A21-A1D8-687D2FBE68C5}.ReleaseAMD64|Win32.ActiveCfg = ReleaseAMD64|x64
		{586FC7F0-8AF1-4A21-A1D8-687D2FBE68C5}.ReleaseAMD64|Win32.Build.0 = ReleaseAMD64|x64
		{586FC7F0-8AF1-4A21-A1D8-687D2FBE68C5}.ReleaseIA64|Win32.ActiveCfg = ReleaseIA64|Win32
		{586FC7F0-8AF1-4A21-A1D8-687D2FBE68C5}.ReleaseIA64|Win32.Build.0 = ReleaseIA64|Win32
	EndGlobalSection
	GlobalSection(SolutionProperties) = preSolution
		HideSolutionNode = FALSE
	EndGlobalSection
EndGlobal
