Microsoft Visual Studio Solution File, Format Version 10.00
# Visual Studio 2008
Project("{8BC9CEB8-8B4A-11D0-8D11-00A0C91BC942}") = "IjaCtrl", "ijactrl.vcproj", "{08267E10-8DA5-45CE-B5E5-8F1F549561C5}"
EndProject
Global
	GlobalSection(SolutionConfigurationPlatforms) = preSolution
		AIX_Release|Win32 = AIX_Release|Win32
		DBCS Debug|Win32 = DBCS Debug|Win32
		DBCS Release|Win32 = DBCS Release|Win32
		Debug Simulation|Win32 = Debug Simulation|Win32
		Debug Vut Configuration|Win32 = Debug Vut Configuration|Win32
		Debug|Win32 = Debug|Win32
		HPUX_Debug|Win32 = HPUX_Debug|Win32
		HPUX_Release|Win32 = HPUX_Release|Win32
		Linux_Debug|Win32 = Linux_Debug|Win32
		Linux_Release|Win32 = Linux_Release|Win32
		Release Simulation|Win32 = Release Simulation|Win32
		Release|Win32 = Release|Win32
		Solaris_Debug|Win32 = Solaris_Debug|Win32
		Solaris_Release|Win32 = Solaris_Release|Win32
		Unicode Debug|Win32 = Unicode Debug|Win32
		Unicode Release|Win32 = Unicode Release|Win32
	EndGlobalSection
	GlobalSection(ProjectConfigurationPlatforms) = postSolution
		{08267E10-8DA5-45CE-B5E5-8F1F549561C5}.AIX_Release|Win32.ActiveCfg = AIX_Release|Win32
		{08267E10-8DA5-45CE-B5E5-8F1F549561C5}.AIX_Release|Win32.Build.0 = AIX_Release|Win32
		{08267E10-8DA5-45CE-B5E5-8F1F549561C5}.DBCS Debug|Win32.ActiveCfg = DBCS Debug|Win32
		{08267E10-8DA5-45CE-B5E5-8F1F549561C5}.DBCS Debug|Win32.Build.0 = DBCS Debug|Win32
		{08267E10-8DA5-45CE-B5E5-8F1F549561C5}.DBCS Release|Win32.ActiveCfg = DBCS Release|Win32
		{08267E10-8DA5-45CE-B5E5-8F1F549561C5}.DBCS Release|Win32.Build.0 = DBCS Release|Win32
		{08267E10-8DA5-45CE-B5E5-8F1F549561C5}.Debug Simulation|Win32.ActiveCfg = Debug Simulation|Win32
		{08267E10-8DA5-45CE-B5E5-8F1F549561C5}.Debug Simulation|Win32.Build.0 = Debug Simulation|Win32
		{08267E10-8DA5-45CE-B5E5-8F1F549561C5}.Debug Vut Configuration|Win32.ActiveCfg = Debug Vut Configuration|Win32
		{08267E10-8DA5-45CE-B5E5-8F1F549561C5}.Debug Vut Configuration|Win32.Build.0 = Debug Vut Configuration|Win32
		{08267E10-8DA5-45CE-B5E5-8F1F549561C5}.Debug|Win32.ActiveCfg = Debug|Win32
		{08267E10-8DA5-45CE-B5E5-8F1F549561C5}.Debug|Win32.Build.0 = Debug|Win32
		{08267E10-8DA5-45CE-B5E5-8F1F549561C5}.HPUX_Debug|Win32.ActiveCfg = HPUX_Debug|Win32
		{08267E10-8DA5-45CE-B5E5-8F1F549561C5}.HPUX_Debug|Win32.Build.0 = HPUX_Debug|Win32
		{08267E10-8DA5-45CE-B5E5-8F1F549561C5}.HPUX_Release|Win32.ActiveCfg = HPUX_Release|Win32
		{08267E10-8DA5-45CE-B5E5-8F1F549561C5}.HPUX_Release|Win32.Build.0 = HPUX_Release|Win32
		{08267E10-8DA5-45CE-B5E5-8F1F549561C5}.Linux_Debug|Win32.ActiveCfg = Linux_Debug|Win32
		{08267E10-8DA5-45CE-B5E5-8F1F549561C5}.Linux_Debug|Win32.Build.0 = Linux_Debug|Win32
		{08267E10-8DA5-45CE-B5E5-8F1F549561C5}.Linux_Release|Win32.ActiveCfg = Linux_Release|Win32
		{08267E10-8DA5-45CE-B5E5-8F1F549561C5}.Linux_Release|Win32.Build.0 = Linux_Release|Win32
		{08267E10-8DA5-45CE-B5E5-8F1F549561C5}.Release Simulation|Win32.ActiveCfg = Release Simulation|Win32
		{08267E10-8DA5-45CE-B5E5-8F1F549561C5}.Release Simulation|Win32.Build.0 = Release Simulation|Win32
		{08267E10-8DA5-45CE-B5E5-8F1F549561C5}.Release|Win32.ActiveCfg = Release|Win32
		{08267E10-8DA5-45CE-B5E5-8F1F549561C5}.Release|Win32.Build.0 = Release|Win32
		{08267E10-8DA5-45CE-B5E5-8F1F549561C5}.Solaris_Debug|Win32.ActiveCfg = Solaris_Debug|Win32
		{08267E10-8DA5-45CE-B5E5-8F1F549561C5}.Solaris_Debug|Win32.Build.0 = Solaris_Debug|Win32
		{08267E10-8DA5-45CE-B5E5-8F1F549561C5}.Solaris_Release|Win32.ActiveCfg = Solaris_Release|Win32
		{08267E10-8DA5-45CE-B5E5-8F1F549561C5}.Solaris_Release|Win32.Build.0 = Solaris_Release|Win32
		{08267E10-8DA5-45CE-B5E5-8F1F549561C5}.Unicode Debug|Win32.ActiveCfg = Unicode Debug|Win32
		{08267E10-8DA5-45CE-B5E5-8F1F549561C5}.Unicode Debug|Win32.Build.0 = Unicode Debug|Win32
		{08267E10-8DA5-45CE-B5E5-8F1F549561C5}.Unicode Release|Win32.ActiveCfg = Unicode Release|Win32
		{08267E10-8DA5-45CE-B5E5-8F1F549561C5}.Unicode Release|Win32.Build.0 = Unicode Release|Win32
	EndGlobalSection
	GlobalSection(SolutionProperties) = preSolution
		HideSolutionNode = FALSE
	EndGlobalSection
EndGlobal
