Microsoft Visual Studio Solution File, Format Version 10.00
# Visual Studio 2008
Project("{8BC9CEB8-8B4A-11D0-8D11-00A0C91BC942}") = "xipm", "xipm.vcproj", "{AED5D77A-B5AB-4200-A2A6-FFEAD1BAB11E}"
EndProject
Global
	GlobalSection(SolutionConfigurationPlatforms) = preSolution
		Debug|Win32 = Debug|Win32
		Release|Win32 = Release|Win32
		Unicode Debug|Win32 = Unicode Debug|Win32
		Unicode Release|Win32 = Unicode Release|Win32
	EndGlobalSection
	GlobalSection(ProjectConfigurationPlatforms) = postSolution
		{AED5D77A-B5AB-4200-A2A6-FFEAD1BAB11E}.Debug|Win32.ActiveCfg = Debug|Win32
		{AED5D77A-B5AB-4200-A2A6-FFEAD1BAB11E}.Debug|Win32.Build.0 = Debug|Win32
		{AED5D77A-B5AB-4200-A2A6-FFEAD1BAB11E}.Release|Win32.ActiveCfg = Release|Win32
		{AED5D77A-B5AB-4200-A2A6-FFEAD1BAB11E}.Release|Win32.Build.0 = Release|Win32
		{AED5D77A-B5AB-4200-A2A6-FFEAD1BAB11E}.Unicode Debug|Win32.ActiveCfg = Unicode Debug|Win32
		{AED5D77A-B5AB-4200-A2A6-FFEAD1BAB11E}.Unicode Debug|Win32.Build.0 = Unicode Debug|Win32
		{AED5D77A-B5AB-4200-A2A6-FFEAD1BAB11E}.Unicode Release|Win32.ActiveCfg = Unicode Release|Win32
		{AED5D77A-B5AB-4200-A2A6-FFEAD1BAB11E}.Unicode Release|Win32.Build.0 = Unicode Release|Win32
	EndGlobalSection
	GlobalSection(SolutionProperties) = preSolution
		HideSolutionNode = FALSE
	EndGlobalSection
EndGlobal
