Microsoft Visual Studio Solution File, Format Version 10.00
# Visual Studio 2008
Project("{8BC9CEB8-8B4A-11D0-8D11-00A0C91BC942}") = "cato3cnt", "cato3cnt.vcproj", "{10D80A78-8371-45B5-AA28-D1047A8673D7}"
EndProject
Global
	GlobalSection(SolutionConfigurationPlatforms) = preSolution
		AIX_Release|Win32 = AIX_Release|Win32
		Debug|Win32 = Debug|Win32
		HPUX_Debug|Win32 = HPUX_Debug|Win32
		HPUX_Release|Win32 = HPUX_Release|Win32
		Linux_Release|Win32 = Linux_Release|Win32
		Release|Win32 = Release|Win32
		Solaris_Release|Win32 = Solaris_Release|Win32
	EndGlobalSection
	GlobalSection(ProjectConfigurationPlatforms) = postSolution
		{10D80A78-8371-45B5-AA28-D1047A8673D7}.AIX_Release|Win32.ActiveCfg = AIX_Release|Win32
		{10D80A78-8371-45B5-AA28-D1047A8673D7}.AIX_Release|Win32.Build.0 = AIX_Release|Win32
		{10D80A78-8371-45B5-AA28-D1047A8673D7}.Debug|Win32.ActiveCfg = Debug|Win32
		{10D80A78-8371-45B5-AA28-D1047A8673D7}.Debug|Win32.Build.0 = Debug|Win32
		{10D80A78-8371-45B5-AA28-D1047A8673D7}.HPUX_Debug|Win32.ActiveCfg = HPUX_Debug|Win32
		{10D80A78-8371-45B5-AA28-D1047A8673D7}.HPUX_Debug|Win32.Build.0 = HPUX_Debug|Win32
		{10D80A78-8371-45B5-AA28-D1047A8673D7}.HPUX_Release|Win32.ActiveCfg = HPUX_Release|Win32
		{10D80A78-8371-45B5-AA28-D1047A8673D7}.HPUX_Release|Win32.Build.0 = HPUX_Release|Win32
		{10D80A78-8371-45B5-AA28-D1047A8673D7}.Linux_Release|Win32.ActiveCfg = Linux_Release|Win32
		{10D80A78-8371-45B5-AA28-D1047A8673D7}.Linux_Release|Win32.Build.0 = Linux_Release|Win32
		{10D80A78-8371-45B5-AA28-D1047A8673D7}.Release|Win32.ActiveCfg = Release|Win32
		{10D80A78-8371-45B5-AA28-D1047A8673D7}.Release|Win32.Build.0 = Release|Win32
		{10D80A78-8371-45B5-AA28-D1047A8673D7}.Solaris_Release|Win32.ActiveCfg = Solaris_Release|Win32
		{10D80A78-8371-45B5-AA28-D1047A8673D7}.Solaris_Release|Win32.Build.0 = Solaris_Release|Win32
	EndGlobalSection
	GlobalSection(SolutionProperties) = preSolution
		HideSolutionNode = FALSE
	EndGlobalSection
EndGlobal
