Microsoft Visual Studio Solution File, Format Version 10.00
# Visual Studio 2008
Project("{8BC9CEB8-8B4A-11D0-8D11-00A0C91BC942}") = "caspin", "caspin.vcproj", "{331997FC-C196-4EE7-B7EC-A9F3F11D834F}"
EndProject
Global
	GlobalSection(SolutionConfigurationPlatforms) = preSolution
		AIX_Release|Win32 = AIX_Release|Win32
		Debug|Win32 = Debug|Win32
		HPUX_Debug|Win32 = HPUX_Debug|Win32
		HPUX_Release|Win32 = HPUX_Release|Win32
		Linux_Release|Win32 = Linux_Release|Win32
		Release|Win32 = Release|Win32
		Solaris_Release|Win32 = Solaris_Release|Win32
	EndGlobalSection
	GlobalSection(ProjectConfigurationPlatforms) = postSolution
		{331997FC-C196-4EE7-B7EC-A9F3F11D834F}.AIX_Release|Win32.ActiveCfg = AIX_Release|Win32
		{331997FC-C196-4EE7-B7EC-A9F3F11D834F}.AIX_Release|Win32.Build.0 = AIX_Release|Win32
		{331997FC-C196-4EE7-B7EC-A9F3F11D834F}.Debug|Win32.ActiveCfg = Debug|Win32
		{331997FC-C196-4EE7-B7EC-A9F3F11D834F}.Debug|Win32.Build.0 = Debug|Win32
		{331997FC-C196-4EE7-B7EC-A9F3F11D834F}.HPUX_Debug|Win32.ActiveCfg = HPUX_Debug|Win32
		{331997FC-C196-4EE7-B7EC-A9F3F11D834F}.HPUX_Debug|Win32.Build.0 = HPUX_Debug|Win32
		{331997FC-C196-4EE7-B7EC-A9F3F11D834F}.HPUX_Release|Win32.ActiveCfg = HPUX_Release|Win32
		{331997FC-C196-4EE7-B7EC-A9F3F11D834F}.HPUX_Release|Win32.Build.0 = HPUX_Release|Win32
		{331997FC-C196-4EE7-B7EC-A9F3F11D834F}.Linux_Release|Win32.ActiveCfg = Linux_Release|Win32
		{331997FC-C196-4EE7-B7EC-A9F3F11D834F}.Linux_Release|Win32.Build.0 = Linux_Release|Win32
		{331997FC-C196-4EE7-B7EC-A9F3F11D834F}.Release|Win32.ActiveCfg = Release|Win32
		{331997FC-C196-4EE7-B7EC-A9F3F11D834F}.Release|Win32.Build.0 = Release|Win32
		{331997FC-C196-4EE7-B7EC-A9F3F11D834F}.Solaris_Release|Win32.ActiveCfg = Solaris_Release|Win32
		{331997FC-C196-4EE7-B7EC-A9F3F11D834F}.Solaris_Release|Win32.Build.0 = Solaris_Release|Win32
	EndGlobalSection
	GlobalSection(SolutionProperties) = preSolution
		HideSolutionNode = FALSE
	EndGlobalSection
EndGlobal
