Microsoft Visual Studio Solution File, Format Version 10.00
# Visual Studio 2008
Project("{8BC9CEB8-8B4A-11D0-8D11-00A0C91BC942}") = "iipostinst", "iipostinst.vcproj", "{CEEC12E5-43B5-4444-B389-0CCE710C40C7}"
EndProject
Global
	GlobalSection(SolutionConfigurationPlatforms) = preSolution
		DBCS Debug|Win32 = DBCS Debug|Win32
		DBCS Release|Win32 = DBCS Release|Win32
		Debug|Win32 = Debug|Win32
		Debug64|Win32 = Debug64|Win32
		DebugAMD64|Win32 = DebugAMD64|Win32
		DebugIA64|Win32 = DebugIA64|Win32
		DebugSDK|Win32 = DebugSDK|Win32
		Release|Win32 = Release|Win32
		Release64|Win32 = Release64|Win32
		ReleaseAMD64|Win32 = ReleaseAMD64|Win32
		ReleaseIA64|Win32 = ReleaseIA64|Win32
		ReleaseSDK|Win32 = ReleaseSDK|Win32
	EndGlobalSection
	GlobalSection(ProjectConfigurationPlatforms) = postSolution
		{CEEC12E5-43B5-4444-B389-0CCE710C40C7}.DBCS Debug|Win32.ActiveCfg = DBCS Debug|Win32
		{CEEC12E5-43B5-4444-B389-0CCE710C40C7}.DBCS Debug|Win32.Build.0 = DBCS Debug|Win32
		{CEEC12E5-43B5-4444-B389-0CCE710C40C7}.DBCS Release|Win32.ActiveCfg = DBCS Release|Win32
		{CEEC12E5-43B5-4444-B389-0CCE710C40C7}.DBCS Release|Win32.Build.0 = DBCS Release|Win32
		{CEEC12E5-43B5-4444-B389-0CCE710C40C7}.Debug|Win32.ActiveCfg = Debug|Win32
		{CEEC12E5-43B5-4444-B389-0CCE710C40C7}.Debug|Win32.Build.0 = Debug|Win32
		{CEEC12E5-43B5-4444-B389-0CCE710C40C7}.Debug64|Win32.ActiveCfg = Debug64|Win32
		{CEEC12E5-43B5-4444-B389-0CCE710C40C7}.Debug64|Win32.Build.0 = Debug64|Win32
		{CEEC12E5-43B5-4444-B389-0CCE710C40C7}.DebugAMD64|Win32.ActiveCfg = DebugAMD64|Win32
		{CEEC12E5-43B5-4444-B389-0CCE710C40C7}.DebugAMD64|Win32.Build.0 = DebugAMD64|Win32
		{CEEC12E5-43B5-4444-B389-0CCE710C40C7}.DebugIA64|Win32.ActiveCfg = DebugIA64|Win32
		{CEEC12E5-43B5-4444-B389-0CCE710C40C7}.DebugIA64|Win32.Build.0 = DebugIA64|Win32
		{CEEC12E5-43B5-4444-B389-0CCE710C40C7}.DebugSDK|Win32.ActiveCfg = DebugSDK|Win32
		{CEEC12E5-43B5-4444-B389-0CCE710C40C7}.DebugSDK|Win32.Build.0 = DebugSDK|Win32
		{CEEC12E5-43B5-4444-B389-0CCE710C40C7}.Release|Win32.ActiveCfg = Release|Win32
		{CEEC12E5-43B5-4444-B389-0CCE710C40C7}.Release|Win32.Build.0 = Release|Win32
		{CEEC12E5-43B5-4444-B389-0CCE710C40C7}.Release64|Win32.ActiveCfg = Release64|Win32
		{CEEC12E5-43B5-4444-B389-0CCE710C40C7}.Release64|Win32.Build.0 = Release64|Win32
		{CEEC12E5-43B5-4444-B389-0CCE710C40C7}.ReleaseAMD64|Win32.ActiveCfg = ReleaseAMD64|Win32
		{CEEC12E5-43B5-4444-B389-0CCE710C40C7}.ReleaseAMD64|Win32.Build.0 = ReleaseAMD64|Win32
		{CEEC12E5-43B5-4444-B389-0CCE710C40C7}.ReleaseIA64|Win32.ActiveCfg = ReleaseIA64|Win32
		{CEEC12E5-43B5-4444-B389-0CCE710C40C7}.ReleaseIA64|Win32.Build.0 = ReleaseIA64|Win32
		{CEEC12E5-43B5-4444-B389-0CCE710C40C7}.ReleaseSDK|Win32.ActiveCfg = ReleaseSDK|Win32
		{CEEC12E5-43B5-4444-B389-0CCE710C40C7}.ReleaseSDK|Win32.Build.0 = ReleaseSDK|Win32
	EndGlobalSection
	GlobalSection(SolutionProperties) = preSolution
		HideSolutionNode = FALSE
	EndGlobalSection
EndGlobal
